
Microsoft Visual Studio Solution File, Format Version 12.00
# Visual Studio Version 17
VisualStudioVersion = 17.9.34723.18
MinimumVisualStudioVersion = 10.0.40219.1
Project("{FAE04EC0-301F-11D3-BF4B-00C04F79EFBC}") = "AdminAppSept", "AdminAppSept\AdminAppSept.csproj", "{6AB29F1A-F2D6-4A09-8F8A-431790A2F293}"
EndProject
Global
	GlobalSection(SolutionConfigurationPlatforms) = preSolution
		Debug|Any CPU = Debug|Any CPU
		Release|Any CPU = Release|Any CPU
	EndGlobalSection
	GlobalSection(ProjectConfigurationPlatforms) = postSolution
		{6AB29F1A-F2D6-4A09-8F8A-431790A2F293}.Debug|Any CPU.ActiveCfg = Debug|Any CPU
		{6AB29F1A-F2D6-4A09-8F8A-431790A2F293}.Debug|Any CPU.Build.0 = Debug|Any CPU
		{6AB29F1A-F2D6-4A09-8F8A-431790A2F293}.Release|Any CPU.ActiveCfg = Release|Any CPU
		{6AB29F1A-F2D6-4A09-8F8A-431790A2F293}.Release|Any CPU.Build.0 = Release|Any CPU
	EndGlobalSection
	GlobalSection(SolutionProperties) = preSolution
		HideSolutionNode = FALSE
	EndGlobalSection
	GlobalSection(ExtensibilityGlobals) = postSolution
		SolutionGuid = {4FCD3686-5F86-4281-B5CB-CC9F0FA866F8}
	EndGlobalSection
EndGlobal
